
Microsoft Visual Studio Solution File, Format Version 12.00
# Visual Studio Version 17
VisualStudioVersion = 17.13.35931.197 d17.13
MinimumVisualStudioVersion = 10.0.40219.1
Project("{FAE04EC0-301F-11D3-BF4B-00C04F79EFBC}") = "CoreFramework", "CoreFramework.csproj", "{4E82CE9E-5EBC-48CF-9940-841342926F26}"
EndProject
Project("{FAE04EC0-301F-11D3-BF4B-00C04F79EFBC}") = "ConduitTest", "..\ConduitTest\ConduitTest.csproj", "{17D2D291-E0B8-4514-9B92-3E76682D1554}"
EndProject
Global
	GlobalSection(SolutionConfigurationPlatforms) = preSolution
		Debug|Any CPU = Debug|Any CPU
		Release|Any CPU = Release|Any CPU
	EndGlobalSection
	GlobalSection(ProjectConfigurationPlatforms) = postSolution
		{4E82CE9E-5EBC-48CF-9940-841342926F26}.Debug|Any CPU.ActiveCfg = Debug|Any CPU
		{4E82CE9E-5EBC-48CF-9940-841342926F26}.Debug|Any CPU.Build.0 = Debug|Any CPU
		{4E82CE9E-5EBC-48CF-9940-841342926F26}.Release|Any CPU.ActiveCfg = Release|Any CPU
		{4E82CE9E-5EBC-48CF-9940-841342926F26}.Release|Any CPU.Build.0 = Release|Any CPU
		{17D2D291-E0B8-4514-9B92-3E76682D1554}.Debug|Any CPU.ActiveCfg = Debug|Any CPU
		{17D2D291-E0B8-4514-9B92-3E76682D1554}.Debug|Any CPU.Build.0 = Debug|Any CPU
		{17D2D291-E0B8-4514-9B92-3E76682D1554}.Release|Any CPU.ActiveCfg = Release|Any CPU
		{17D2D291-E0B8-4514-9B92-3E76682D1554}.Release|Any CPU.Build.0 = Release|Any CPU
	EndGlobalSection
	GlobalSection(SolutionProperties) = preSolution
		HideSolutionNode = FALSE
	EndGlobalSection
	GlobalSection(ExtensibilityGlobals) = postSolution
		SolutionGuid = {3CA3AFA4-52DA-426C-876E-93AF188157DE}
	EndGlobalSection
EndGlobal
